{
  "originHash" : "cabfa52bd906b1263ca4ebe12fe73c766ae1e590596d6f139ac1d7948e78eea2",
  "pins" : [
    {
      "identity" : "swift-argument-parser",
      "kind" : "remoteSourceControl",
      "location" : "https://github.com/apple/swift-argument-parser",
      "state" : {
        "revision" : "6a52f3251125d74daf04fcbd5e6f08a75d074382",
        "version" : "1.8.2"
      }
    },
    {
      "identity" : "swift-asn1",
      "kind" : "remoteSourceControl",
      "location" : "https://github.com/apple/swift-asn1.git",
      "state" : {
        "revision" : "3b6410f7dee09eb33cdd26260c5fd47fda19b0e2",
        "version" : "1.7.3"
      }
    },
    {
      "identity" : "swift-crypto",
      "kind" : "remoteSourceControl",
      "location" : "https://github.com/apple/swift-crypto",
      "state" : {
        "revision" : "a9d1d5ab8951ada40cafff8c8e2b551dfde4f390",
        "version" : "5.0.0"
      }
    },
    {
      "identity" : "swift-semver",
      "kind" : "remoteSourceControl",
      "location" : "https://github.com/swift-library/swift-semver",
      "state" : {
        "revision" : "0e197d14e03340226e63e7ea851a6004531368d8",
        "version" : "0.1.0"
      }
    },
    {
      "identity" : "swift-subprocess",
      "kind" : "remoteSourceControl",
      "location" : "https://github.com/swiftlang/swift-subprocess",
      "state" : {
        "revision" : "b3937ab85dd32f6e9435914599c1519074769c1a",
        "version" : "1.0.0"
      }
    },
    {
      "identity" : "swift-syntax",
      "kind" : "remoteSourceControl",
      "location" : "https://github.com/swiftlang/swift-syntax",
      "state" : {
        "revision" : "79e4b74a295b6eb74a8b585e3a39d29e70c1dbd1",
        "version" : "603.0.2"
      }
    },
    {
      "identity" : "swift-system",
      "kind" : "remoteSourceControl",
      "location" : "https://github.com/apple/swift-system",
      "state" : {
        "revision" : "869129b7bf4ecc57b97d0193ad29690ca2134750",
        "version" : "1.8.1"
      }
    }
  ],
  "version" : 3
}
